// !$*UTF8*$!
{
	archiveVersion = 1;
	classes = {
	};
	objectVersion = 77;
	objects = {

/* Begin PBXBuildFile section */
		1FE6E013046C9DB4B787E784 /* DeviceListView.swift in Sources */ = {isa = PBXBuildFile; fileRef = 7AD795F451DD61537F44810E /* DeviceListView.swift */; };
		439C1977607157CCFF28BBD7 /* ContentView.swift in Sources */ = {isa = PBXBuildFile; fileRef = 697023DBDB64775282D57CE8 /* ContentView.swift */; };
		512A7F66BD725F6F7DC27AD4 /* DeviceDiscovery.swift in Sources */ = {isa = PBXBuildFile; fileRef = 96AA527B2B5D01D7A13520C2 /* DeviceDiscovery.swift */; };
		7190FBAB75D95648266F850D /* AppleTVRemoteApp.swift in Sources */ = {isa = PBXBuildFile; fileRef = 52B7FC32DA2B5E6F9269EC4E /* AppleTVRemoteApp.swift */; };
		B7EB06AE04C7299D2414ADF5 /* Assets.xcassets in Resources */ = {isa = PBXBuildFile; fileRef = 200E928EC93A584B2CAB3C30 /* Assets.xcassets */; };
		BAA90A232D6F4A731B1D4292 /* RemoteControlView.swift in Sources */ = {isa = PBXBuildFile; fileRef = 5F7DC03D0A656F41898865DC /* RemoteControlView.swift */; };
		C22B53B59B5DF880BA16388C /* CompanionConnection.swift in Sources */ = {isa = PBXBuildFile; fileRef = C0437B726CD8B8C8B62F4214 /* CompanionConnection.swift */; };
		C22B53B59B5DF880BA16389A /* IPCServer.swift in Sources */ = {isa = PBXBuildFile; fileRef = C0437B726CD8B8C8B62F421A /* IPCServer.swift */; };
		E40A8AECD791492B2FA7D170 /* AppleTVLogging in Frameworks */ = {isa = PBXBuildFile; productRef = 2457F9A5729060F9AAFE6D5D /* AppleTVLogging */; };
		E40A8AECD791492B2FA7D171 /* AppleTVProtocol in Frameworks */ = {isa = PBXBuildFile; productRef = 2457F9A5729060F9AAFE6D5E /* AppleTVProtocol */; };
		E40A8AECD791492B2FA7D172 /* AppleTVIPC in Frameworks */ = {isa = PBXBuildFile; productRef = 2457F9A5729060F9AAFE6D5F /* AppleTVIPC */; };
/* End PBXBuildFile section */

/* Begin PBXFileReference section */
		0E56EF24F7B53CA48FCF66D5 /* AppleTVRemote.app */ = {isa = PBXFileReference; explicitFileType = wrapper.application; includeInIndex = 0; path = AppleTVRemote.app; sourceTree = BUILT_PRODUCTS_DIR; };
		200E928EC93A584B2CAB3C30 /* Assets.xcassets */ = {isa = PBXFileReference; lastKnownFileType = folder.assetcatalog; path = Assets.xcassets; sourceTree = "<group>"; };
		52B7FC32DA2B5E6F9269EC4E /* AppleTVRemoteApp.swift */ = {isa = PBXFileReference; lastKnownFileType = sourcecode.swift; path = AppleTVRemoteApp.swift; sourceTree = "<group>"; };
		5F7DC03D0A656F41898865DC /* RemoteControlView.swift */ = {isa = PBXFileReference; lastKnownFileType = sourcecode.swift; path = RemoteControlView.swift; sourceTree = "<group>"; };
		697023DBDB64775282D57CE8 /* ContentView.swift */ = {isa = PBXFileReference; lastKnownFileType = sourcecode.swift; path = ContentView.swift; sourceTree = "<group>"; };
		7AD795F451DD61537F44810E /* DeviceListView.swift */ = {isa = PBXFileReference; lastKnownFileType = sourcecode.swift; path = DeviceListView.swift; sourceTree = "<group>"; };
		96AA527B2B5D01D7A13520C2 /* DeviceDiscovery.swift */ = {isa = PBXFileReference; lastKnownFileType = sourcecode.swift; path = DeviceDiscovery.swift; sourceTree = "<group>"; };
		C0437B726CD8B8C8B62F4214 /* CompanionConnection.swift */ = {isa = PBXFileReference; lastKnownFileType = sourcecode.swift; path = CompanionConnection.swift; sourceTree = "<group>"; };
		C0437B726CD8B8C8B62F421A /* IPCServer.swift */ = {isa = PBXFileReference; lastKnownFileType = sourcecode.swift; path = IPCServer.swift; sourceTree = "<group>"; };
/* End PBXFileReference section */

/* Begin PBXFrameworksBuildPhase section */
		63C0C33E79E590A82759F84B /* Frameworks */ = {
			isa = PBXFrameworksBuildPhase;
			buildActionMask = 2147483647;
			files = (
				E40A8AECD791492B2FA7D170 /* AppleTVLogging in Frameworks */,
				E40A8AECD791492B2FA7D171 /* AppleTVProtocol in Frameworks */,
				E40A8AECD791492B2FA7D172 /* AppleTVIPC in Frameworks */,
			);
			runOnlyForDeploymentPostprocessing = 0;
		};
/* End PBXFrameworksBuildPhase section */

/* Begin PBXGroup section */
		286BC268DC90EE1E8CBF8CDD = {
			isa = PBXGroup;
			children = (
				9245C4BCF9150250890DFE3B /* AppleTVRemote */,
				611AF5DDA02954B9B4EC83C2 /* Products */,
			);
			sourceTree = "<group>";
		};
		527C476BF7CC8B37213B1066 /* Protocol */ = {
			isa = PBXGroup;
			children = (
				C0437B726CD8B8C8B62F4214 /* CompanionConnection.swift */,
			);
			path = Protocol;
			sourceTree = "<group>";
		};
		611AF5DDA02954B9B4EC83C2 /* Products */ = {
			isa = PBXGroup;
			children = (
				0E56EF24F7B53CA48FCF66D5 /* AppleTVRemote.app */,
			);
			name = Products;
			sourceTree = "<group>";
		};
		9245C4BCF9150250890DFE3B /* AppleTVRemote */ = {
			isa = PBXGroup;
			children = (
				52B7FC32DA2B5E6F9269EC4E /* AppleTVRemoteApp.swift */,
				697023DBDB64775282D57CE8 /* ContentView.swift */,
				96AA527B2B5D01D7A13520C2 /* DeviceDiscovery.swift */,
				7AD795F451DD61537F44810E /* DeviceListView.swift */,
				5F7DC03D0A656F41898865DC /* RemoteControlView.swift */,
				C0437B726CD8B8C8B62F421A /* IPCServer.swift */,
				527C476BF7CC8B37213B1066 /* Protocol */,
				CD205FC70F8D3B2C9A5BE18D /* Resources */,
			);
			name = AppleTVRemote;
			path = Sources/AppleTVRemote;
			sourceTree = "<group>";
		};
		CD205FC70F8D3B2C9A5BE18D /* Resources */ = {
			isa = PBXGroup;
			children = (
				200E928EC93A584B2CAB3C30 /* Assets.xcassets */,
			);
			path = Resources;
			sourceTree = "<group>";
		};
/* End PBXGroup section */

/* Begin PBXNativeTarget section */
		44256C9FEC6F679DFA0248BE /* AppleTVRemote */ = {
			isa = PBXNativeTarget;
			buildConfigurationList = 2B15CD3893D08A14560224CA /* Build configuration list for PBXNativeTarget "AppleTVRemote" */;
			buildPhases = (
				BD0B9291D6C571AD45C045BE /* Sources */,
				E1DC962CA7F8B40FC6BD0013 /* Resources */,
				63C0C33E79E590A82759F84B /* Frameworks */,
			);
			buildRules = (
			);
			dependencies = (
			);
			name = AppleTVRemote;
			packageProductDependencies = (
				2457F9A5729060F9AAFE6D5D /* AppleTVLogging */,
				2457F9A5729060F9AAFE6D5E /* AppleTVProtocol */,
				2457F9A5729060F9AAFE6D5F /* AppleTVIPC */,
			);
			productName = AppleTVRemote;
			productReference = 0E56EF24F7B53CA48FCF66D5 /* AppleTVRemote.app */;
			productType = "com.apple.product-type.application";
		};
/* End PBXNativeTarget section */

/* Begin PBXProject section */
		D614741D70A147CC60644E00 /* Project object */ = {
			isa = PBXProject;
			attributes = {
				BuildIndependentTargetsInParallel = YES;
				LastUpgradeCheck = 1600;
				TargetAttributes = {
					44256C9FEC6F679DFA0248BE = {
						ProvisioningStyle = Automatic;
					};
				};
			};
			buildConfigurationList = 1219AB2E7AB487E6A81C936A /* Build configuration list for PBXProject "AppleTVRemote" */;
			developmentRegion = en;
			hasScannedForEncodings = 0;
			knownRegions = (
				Base,
				en,
			);
			mainGroup = 286BC268DC90EE1E8CBF8CDD;
			minimizedProjectReferenceProxies = 1;
			packageReferences = (
				D2D73BB85FFD6953C34CC0A7 /* XCLocalSwiftPackageReference "." */,
			);
			preferredProjectObjectVersion = 77;
			productRefGroup = 611AF5DDA02954B9B4EC83C2 /* Products */;
			projectDirPath = "";
			projectRoot = "";
			targets = (
				44256C9FEC6F679DFA0248BE /* AppleTVRemote */,
			);
		};
/* End PBXProject section */

/* Begin PBXResourcesBuildPhase section */
		E1DC962CA7F8B40FC6BD0013 /* Resources */ = {
			isa = PBXResourcesBuildPhase;
			buildActionMask = 2147483647;
			files = (
				B7EB06AE04C7299D2414ADF5 /* Assets.xcassets in Resources */,
			);
			runOnlyForDeploymentPostprocessing = 0;
		};
/* End PBXResourcesBuildPhase section */

/* Begin PBXSourcesBuildPhase section */
		BD0B9291D6C571AD45C045BE /* Sources */ = {
			isa = PBXSourcesBuildPhase;
			buildActionMask = 2147483647;
			files = (
				7190FBAB75D95648266F850D /* AppleTVRemoteApp.swift in Sources */,
				439C1977607157CCFF28BBD7 /* ContentView.swift in Sources */,
				512A7F66BD725F6F7DC27AD4 /* DeviceDiscovery.swift in Sources */,
				1FE6E013046C9DB4B787E784 /* DeviceListView.swift in Sources */,
				BAA90A232D6F4A731B1D4292 /* RemoteControlView.swift in Sources */,
				C22B53B59B5DF880BA16388C /* CompanionConnection.swift in Sources */,
				C22B53B59B5DF880BA16389A /* IPCServer.swift in Sources */,
			);
			runOnlyForDeploymentPostprocessing = 0;
		};
/* End PBXSourcesBuildPhase section */

/* Begin XCBuildConfiguration section */
		196817C21DC20C01A14444AE /* Release */ = {
			isa = XCBuildConfiguration;
			buildSettings = {
				ASSETCATALOG_COMPILER_APPICON_NAME = AppIcon;
				ASSETCATALOG_COMPILER_INCLUDE_ALL_APPICON_ASSETS = YES;
				CODE_SIGN_ENTITLEMENTS = AppleTVRemote.entitlements;
				CODE_SIGN_STYLE = Automatic;
				COMBINE_HIDPI_IMAGES = YES;
				CURRENT_PROJECT_VERSION = 1;
				ENABLE_HARDENED_RUNTIME = YES;
				INFOPLIST_FILE = Sources/AppleTVRemote/Resources/Info.plist;
				INFOPLIST_KEY_CFBundleDisplayName = AppleTVRemote;
				INFOPLIST_KEY_LSApplicationCategoryType = "public.app-category.utilities";
				LD_RUNPATH_SEARCH_PATHS = (
					"$(inherited)",
					"@executable_path/../Frameworks",
				);
				MACOSX_DEPLOYMENT_TARGET = 13.0;
				MARKETING_VERSION = 1;
				PRODUCT_BUNDLE_IDENTIFIER = "com.adhir.appletv-remote";
				SDKROOT = macosx;
				SWIFT_VERSION = 6.0;
			};
			name = Release;
		};
		35339CF2CC8B042E5C1DEF68 /* Debug */ = {
			isa = XCBuildConfiguration;
			buildSettings = {
				ASSETCATALOG_COMPILER_APPICON_NAME = AppIcon;
				ASSETCATALOG_COMPILER_INCLUDE_ALL_APPICON_ASSETS = YES;
				CODE_SIGN_ENTITLEMENTS = AppleTVRemote.entitlements;
				CODE_SIGN_STYLE = Automatic;
				COMBINE_HIDPI_IMAGES = YES;
				CURRENT_PROJECT_VERSION = 1;
				ENABLE_HARDENED_RUNTIME = YES;
				INFOPLIST_FILE = Sources/AppleTVRemote/Resources/Info.plist;
				INFOPLIST_KEY_CFBundleDisplayName = AppleTVRemote;
				INFOPLIST_KEY_LSApplicationCategoryType = "public.app-category.utilities";
				LD_RUNPATH_SEARCH_PATHS = (
					"$(inherited)",
					"@executable_path/../Frameworks",
				);
				MACOSX_DEPLOYMENT_TARGET = 13.0;
				MARKETING_VERSION = 1;
				PRODUCT_BUNDLE_IDENTIFIER = "com.adhir.appletv-remote";
				SDKROOT = macosx;
				SWIFT_VERSION = 6.0;
			};
			name = Debug;
		};
		4F5E2F8486DAC3BDF3EDDC66 /* Debug */ = {
			isa = XCBuildConfiguration;
			buildSettings = {
				ALWAYS_SEARCH_USER_PATHS = NO;
				CLANG_ANALYZER_NONNULL = YES;
				CLANG_ANALYZER_NUMBER_OBJECT_CONVERSION = YES_AGGRESSIVE;
				CLANG_CXX_LANGUAGE_STANDARD = "gnu++14";
				CLANG_CXX_LIBRARY = "libc++";
				CLANG_ENABLE_MODULES = YES;
				CLANG_ENABLE_OBJC_ARC = YES;
				CLANG_ENABLE_OBJC_WEAK = YES;
				CLANG_WARN_BLOCK_CAPTURE_AUTORELEASING = YES;
				CLANG_WARN_BOOL_CONVERSION = YES;
				CLANG_WARN_COMMA = YES;
				CLANG_WARN_CONSTANT_CONVERSION = YES;
				CLANG_WARN_DEPRECATED_OBJC_IMPLEMENTATIONS = YES;
				CLANG_WARN_DIRECT_OBJC_ISA_USAGE = YES_ERROR;
				CLANG_WARN_DOCUMENTATION_COMMENTS = YES;
				CLANG_WARN_EMPTY_BODY = YES;
				CLANG_WARN_ENUM_CONVERSION = YES;
				CLANG_WARN_INFINITE_RECURSION = YES;
				CLANG_WARN_INT_CONVERSION = YES;
				CLANG_WARN_NON_LITERAL_NULL_CONVERSION = YES;
				CLANG_WARN_OBJC_IMPLICIT_RETAIN_SELF = YES;
				CLANG_WARN_OBJC_LITERAL_CONVERSION = YES;
				CLANG_WARN_OBJC_ROOT_CLASS = YES_ERROR;
				CLANG_WARN_QUOTED_INCLUDE_IN_FRAMEWORK_HEADER = YES;
				CLANG_WARN_RANGE_LOOP_ANALYSIS = YES;
				CLANG_WARN_STRICT_PROTOTYPES = YES;
				CLANG_WARN_SUSPICIOUS_MOVE = YES;
				CLANG_WARN_UNGUARDED_AVAILABILITY = YES_AGGRESSIVE;
				CLANG_WARN_UNREACHABLE_CODE = YES;
				CLANG_WARN__DUPLICATE_METHOD_MATCH = YES;
				COPY_PHASE_STRIP = NO;
				DEBUG_INFORMATION_FORMAT = dwarf;
				ENABLE_STRICT_OBJC_MSGSEND = YES;
				ENABLE_TESTABILITY = YES;
				GCC_C_LANGUAGE_STANDARD = gnu11;
				GCC_DYNAMIC_NO_PIC = NO;
				GCC_NO_COMMON_BLOCKS = YES;
				GCC_OPTIMIZATION_LEVEL = 0;
				GCC_PREPROCESSOR_DEFINITIONS = (
					"$(inherited)",
					"DEBUG=1",
				);
				GCC_WARN_64_TO_32_BIT_CONVERSION = YES;
				GCC_WARN_ABOUT_RETURN_TYPE = YES_ERROR;
				GCC_WARN_UNDECLARED_SELECTOR = YES;
				GCC_WARN_UNINITIALIZED_AUTOS = YES_AGGRESSIVE;
				GCC_WARN_UNUSED_FUNCTION = YES;
				GCC_WARN_UNUSED_VARIABLE = YES;
				MACOSX_DEPLOYMENT_TARGET = 13.0;
				MTL_ENABLE_DEBUG_INFO = INCLUDE_SOURCE;
				MTL_FAST_MATH = YES;
				ONLY_ACTIVE_ARCH = YES;
				PRODUCT_NAME = "$(TARGET_NAME)";
				SDKROOT = macosx;
				SWIFT_ACTIVE_COMPILATION_CONDITIONS = DEBUG;
				SWIFT_OPTIMIZATION_LEVEL = "-Onone";
				SWIFT_VERSION = 5.0;
			};
			name = Debug;
		};
		7724D01CEF91AFECA3BF88D9 /* Release */ = {
			isa = XCBuildConfiguration;
			buildSettings = {
				ALWAYS_SEARCH_USER_PATHS = NO;
				CLANG_ANALYZER_NONNULL = YES;
				CLANG_ANALYZER_NUMBER_OBJECT_CONVERSION = YES_AGGRESSIVE;
				CLANG_CXX_LANGUAGE_STANDARD = "gnu++14";
				CLANG_CXX_LIBRARY = "libc++";
				CLANG_ENABLE_MODULES = YES;
				CLANG_ENABLE_OBJC_ARC = YES;
				CLANG_ENABLE_OBJC_WEAK = YES;
				CLANG_WARN_BLOCK_CAPTURE_AUTORELEASING = YES;
				CLANG_WARN_BOOL_CONVERSION = YES;
				CLANG_WARN_COMMA = YES;
				CLANG_WARN_CONSTANT_CONVERSION = YES;
				CLANG_WARN_DEPRECATED_OBJC_IMPLEMENTATIONS = YES;
				CLANG_WARN_DIRECT_OBJC_ISA_USAGE = YES_ERROR;
				CLANG_WARN_DOCUMENTATION_COMMENTS = YES;
				CLANG_WARN_EMPTY_BODY = YES;
				CLANG_WARN_ENUM_CONVERSION = YES;
				CLANG_WARN_INFINITE_RECURSION = YES;
				CLANG_WARN_INT_CONVERSION = YES;
				CLANG_WARN_NON_LITERAL_NULL_CONVERSION = YES;
				CLANG_WARN_OBJC_IMPLICIT_RETAIN_SELF = YES;
				CLANG_WARN_OBJC_LITERAL_CONVERSION = YES;
				CLANG_WARN_OBJC_ROOT_CLASS = YES_ERROR;
				CLANG_WARN_QUOTED_INCLUDE_IN_FRAMEWORK_HEADER = YES;
				CLANG_WARN_RANGE_LOOP_ANALYSIS = YES;
				CLANG_WARN_STRICT_PROTOTYPES = YES;
				CLANG_WARN_SUSPICIOUS_MOVE = YES;
				CLANG_WARN_UNGUARDED_AVAILABILITY = YES_AGGRESSIVE;
				CLANG_WARN_UNREACHABLE_CODE = YES;
				CLANG_WARN__DUPLICATE_METHOD_MATCH = YES;
				COPY_PHASE_STRIP = NO;
				DEBUG_INFORMATION_FORMAT = "dwarf-with-dsym";
				ENABLE_NS_ASSERTIONS = NO;
				ENABLE_STRICT_OBJC_MSGSEND = YES;
				GCC_C_LANGUAGE_STANDARD = gnu11;
				GCC_NO_COMMON_BLOCKS = YES;
				GCC_WARN_64_TO_32_BIT_CONVERSION = YES;
				GCC_WARN_ABOUT_RETURN_TYPE = YES_ERROR;
				GCC_WARN_UNDECLARED_SELECTOR = YES;
				GCC_WARN_UNINITIALIZED_AUTOS = YES_AGGRESSIVE;
				GCC_WARN_UNUSED_FUNCTION = YES;
				GCC_WARN_UNUSED_VARIABLE = YES;
				MACOSX_DEPLOYMENT_TARGET = 13.0;
				MTL_ENABLE_DEBUG_INFO = NO;
				MTL_FAST_MATH = YES;
				PRODUCT_NAME = "$(TARGET_NAME)";
				SDKROOT = macosx;
				SWIFT_COMPILATION_MODE = wholemodule;
				SWIFT_OPTIMIZATION_LEVEL = "-O";
				SWIFT_VERSION = 5.0;
			};
			name = Release;
		};
/* End XCBuildConfiguration section */

/* Begin XCConfigurationList section */
		1219AB2E7AB487E6A81C936A /* Build configuration list for PBXProject "AppleTVRemote" */ = {
			isa = XCConfigurationList;
			buildConfigurations = (
				4F5E2F8486DAC3BDF3EDDC66 /* Debug */,
				7724D01CEF91AFECA3BF88D9 /* Release */,
			);
			defaultConfigurationIsVisible = 0;
			defaultConfigurationName = Debug;
		};
		2B15CD3893D08A14560224CA /* Build configuration list for PBXNativeTarget "AppleTVRemote" */ = {
			isa = XCConfigurationList;
			buildConfigurations = (
				35339CF2CC8B042E5C1DEF68 /* Debug */,
				196817C21DC20C01A14444AE /* Release */,
			);
			defaultConfigurationIsVisible = 0;
			defaultConfigurationName = Debug;
		};
/* End XCConfigurationList section */

/* Begin XCLocalSwiftPackageReference section */
		D2D73BB85FFD6953C34CC0A7 /* XCLocalSwiftPackageReference "." */ = {
			isa = XCLocalSwiftPackageReference;
			relativePath = .;
		};
/* End XCLocalSwiftPackageReference section */

/* Begin XCSwiftPackageProductDependency section */
		2457F9A5729060F9AAFE6D5D /* AppleTVLogging */ = {
			isa = XCSwiftPackageProductDependency;
			productName = AppleTVLogging;
		};
		2457F9A5729060F9AAFE6D5E /* AppleTVProtocol */ = {
			isa = XCSwiftPackageProductDependency;
			productName = AppleTVProtocol;
		};
		2457F9A5729060F9AAFE6D5F /* AppleTVIPC */ = {
			isa = XCSwiftPackageProductDependency;
			productName = AppleTVIPC;
		};
/* End XCSwiftPackageProductDependency section */
	};
	rootObject = D614741D70A147CC60644E00 /* Project object */;
}
