// !$*UTF8*$!
{
	archiveVersion = 1;
	classes = {
	};
	objectVersion = 77;
	objects = {

/* Begin PBXBuildFile section */
		018B7307EA5644C6CE60A13D /* com.apple.appleevents.png in Resources */ = {isa = PBXBuildFile; fileRef = FBBA9DF8C26186E76ACA7BAA /* com.apple.appleevents.png */; };
		0AE5E319BFC0328781486447 /* com.apple.TVPhotos.png in Resources */ = {isa = PBXBuildFile; fileRef = FF54A19A1D55A1C8AFF6B0E0 /* com.apple.TVPhotos.png */; };
		0EE55D6C7CA30F0A57057B73 /* PopoverActivationGuard.swift in Sources */ = {isa = PBXBuildFile; fileRef = 033146CEB0BCDAC531A241C7 /* PopoverActivationGuard.swift */; };
		135F30E2248E1750F7312F68 /* MenuBarController.swift in Sources */ = {isa = PBXBuildFile; fileRef = C3D2FE0AE2A2FD628BD91D5F /* MenuBarController.swift */; };
		1FE6E013046C9DB4B787E784 /* DeviceListView.swift in Sources */ = {isa = PBXBuildFile; fileRef = 7AD795F451DD61537F44810E /* DeviceListView.swift */; };
		230417237D24357F38B801F3 /* com.apple.podcasts.png in Resources */ = {isa = PBXBuildFile; fileRef = F38854F34AB5ACA05B0C554A /* com.apple.podcasts.png */; };
		23100FE0C8E4D9A738A67482 /* com.apple.TVAppStore.png in Resources */ = {isa = PBXBuildFile; fileRef = 4BE6E796DC1476ECFEDDB679 /* com.apple.TVAppStore.png */; };
		439C1977607157CCFF28BBD7 /* ContentView.swift in Sources */ = {isa = PBXBuildFile; fileRef = 697023DBDB64775282D57CE8 /* ContentView.swift */; };
		512A7F66BD725F6F7DC27AD4 /* DeviceDiscovery.swift in Sources */ = {isa = PBXBuildFile; fileRef = 96AA527B2B5D01D7A13520C2 /* DeviceDiscovery.swift */; };
		5E0D08070871AC7127302360 /* AppLauncherView.swift in Sources */ = {isa = PBXBuildFile; fileRef = F5D1CAEE41DD90CA9209B799 /* AppLauncherView.swift */; };
		628BD988A0021E61ECFF81A1 /* AppIconCache.swift in Sources */ = {isa = PBXBuildFile; fileRef = C4CF92C46D27334F3D0BAA38 /* AppIconCache.swift */; };
		65FCE5D6F30673B73BC36D03 /* com.apple.Arcade.png in Resources */ = {isa = PBXBuildFile; fileRef = D0E8203E3B4C142F8AD22801 /* com.apple.Arcade.png */; };
		7190FBAB75D95648266F850D /* AppleTVRemoteApp.swift in Sources */ = {isa = PBXBuildFile; fileRef = 52B7FC32DA2B5E6F9269EC4E /* AppleTVRemoteApp.swift */; };
		790575010B800CDCE832E7EB /* AutoReconnector.swift in Sources */ = {isa = PBXBuildFile; fileRef = 88FDAC9977ABD2F8B8FDF625 /* AutoReconnector.swift */; };
		7A966A8C9432E530D01D9257 /* KeyboardNotificationManager.swift in Sources */ = {isa = PBXBuildFile; fileRef = 61ADF12098BC06BFD995A46B /* KeyboardNotificationManager.swift */; };
		8B74776E3A1745B16BE85A76 /* IPCServer.swift in Sources */ = {isa = PBXBuildFile; fileRef = BCA0DD35CBD3CDCDB6F14579 /* IPCServer.swift */; };
		A6985739CD3DC1BB961CFB5D /* com.apple.TVHomeSharing.png in Resources */ = {isa = PBXBuildFile; fileRef = 11F60F8E872A83159EB516E1 /* com.apple.TVHomeSharing.png */; };
		B7EB06AE04C7299D2414ADF5 /* Assets.xcassets in Resources */ = {isa = PBXBuildFile; fileRef = 200E928EC93A584B2CAB3C30 /* Assets.xcassets */; };
		BAA90A232D6F4A731B1D4292 /* RemoteControlView.swift in Sources */ = {isa = PBXBuildFile; fileRef = 5F7DC03D0A656F41898865DC /* RemoteControlView.swift */; };
		C332AD54A00B33A6898A8E62 /* com.apple.TVSearch.png in Resources */ = {isa = PBXBuildFile; fileRef = 00EBF2797718AA1292053D92 /* com.apple.TVSearch.png */; };
		D023A3D14C37D45FCA115430 /* com.apple.TVSettings.png in Resources */ = {isa = PBXBuildFile; fileRef = F89E0E7EC81D5422A1A7543E /* com.apple.TVSettings.png */; };
		D65EA98EFEEC4F755ECF2B45 /* VisualEffectBackground.swift in Sources */ = {isa = PBXBuildFile; fileRef = 97C3EDA394F0072CCD1E8192 /* VisualEffectBackground.swift */; };
		DE44080DE17724231BAD91B3 /* WindowManagement.swift in Sources */ = {isa = PBXBuildFile; fileRef = FD585A928C520506C488367E /* WindowManagement.swift */; };
		DEEE7E3CFB267860762C4B8C /* com.apple.Fitness.png in Resources */ = {isa = PBXBuildFile; fileRef = 4B92F62C9329CB6892800D7E /* com.apple.Fitness.png */; };
		E40A8AECD791492B2FA7D170 /* BigInt in Frameworks */ = {isa = PBXBuildFile; productRef = 2457F9A5729060F9AAFE6D5D /* BigInt */; };
		E597CC2AD765750D19E461A0 /* com.apple.TVMusic.png in Resources */ = {isa = PBXBuildFile; fileRef = 1E3E61B61D4693E20F6B5AE4 /* com.apple.TVMusic.png */; };
		ED1C682ABF7878731C94E701 /* CompanionConnection.swift in Sources */ = {isa = PBXBuildFile; fileRef = B9C3649637E9DD7C78B1BCF4 /* CompanionConnection.swift */; };
		FA0C99C4FD486106DE4D6928 /* com.apple.TVWatchList.png in Resources */ = {isa = PBXBuildFile; fileRef = A0E0F0118964ADA532DC338B /* com.apple.TVWatchList.png */; };
/* End PBXBuildFile section */

/* Begin PBXFileReference section */
		00EBF2797718AA1292053D92 /* com.apple.TVSearch.png */ = {isa = PBXFileReference; lastKnownFileType = image.png; path = com.apple.TVSearch.png; sourceTree = "<group>"; };
		033146CEB0BCDAC531A241C7 /* PopoverActivationGuard.swift */ = {isa = PBXFileReference; lastKnownFileType = sourcecode.swift; path = PopoverActivationGuard.swift; sourceTree = "<group>"; };
		0E56EF24F7B53CA48FCF66D5 /* AppleTVRemote.app */ = {isa = PBXFileReference; explicitFileType = wrapper.application; includeInIndex = 0; path = AppleTVRemote.app; sourceTree = BUILT_PRODUCTS_DIR; };
		11F60F8E872A83159EB516E1 /* com.apple.TVHomeSharing.png */ = {isa = PBXFileReference; lastKnownFileType = image.png; path = com.apple.TVHomeSharing.png; sourceTree = "<group>"; };
		1E3E61B61D4693E20F6B5AE4 /* com.apple.TVMusic.png */ = {isa = PBXFileReference; lastKnownFileType = image.png; path = com.apple.TVMusic.png; sourceTree = "<group>"; };
		200E928EC93A584B2CAB3C30 /* Assets.xcassets */ = {isa = PBXFileReference; lastKnownFileType = folder.assetcatalog; path = Assets.xcassets; sourceTree = "<group>"; };
		4B92F62C9329CB6892800D7E /* com.apple.Fitness.png */ = {isa = PBXFileReference; lastKnownFileType = image.png; path = com.apple.Fitness.png; sourceTree = "<group>"; };
		4BE6E796DC1476ECFEDDB679 /* com.apple.TVAppStore.png */ = {isa = PBXFileReference; lastKnownFileType = image.png; path = com.apple.TVAppStore.png; sourceTree = "<group>"; };
		52B7FC32DA2B5E6F9269EC4E /* AppleTVRemoteApp.swift */ = {isa = PBXFileReference; lastKnownFileType = sourcecode.swift; path = AppleTVRemoteApp.swift; sourceTree = "<group>"; };
		5F7DC03D0A656F41898865DC /* RemoteControlView.swift */ = {isa = PBXFileReference; lastKnownFileType = sourcecode.swift; path = RemoteControlView.swift; sourceTree = "<group>"; };
		61ADF12098BC06BFD995A46B /* KeyboardNotificationManager.swift */ = {isa = PBXFileReference; lastKnownFileType = sourcecode.swift; path = KeyboardNotificationManager.swift; sourceTree = "<group>"; };
		697023DBDB64775282D57CE8 /* ContentView.swift */ = {isa = PBXFileReference; lastKnownFileType = sourcecode.swift; path = ContentView.swift; sourceTree = "<group>"; };
		7AD795F451DD61537F44810E /* DeviceListView.swift */ = {isa = PBXFileReference; lastKnownFileType = sourcecode.swift; path = DeviceListView.swift; sourceTree = "<group>"; };
		88FDAC9977ABD2F8B8FDF625 /* AutoReconnector.swift */ = {isa = PBXFileReference; lastKnownFileType = sourcecode.swift; path = AutoReconnector.swift; sourceTree = "<group>"; };
		96AA527B2B5D01D7A13520C2 /* DeviceDiscovery.swift */ = {isa = PBXFileReference; lastKnownFileType = sourcecode.swift; path = DeviceDiscovery.swift; sourceTree = "<group>"; };
		97C3EDA394F0072CCD1E8192 /* VisualEffectBackground.swift */ = {isa = PBXFileReference; lastKnownFileType = sourcecode.swift; path = VisualEffectBackground.swift; sourceTree = "<group>"; };
		A0E0F0118964ADA532DC338B /* com.apple.TVWatchList.png */ = {isa = PBXFileReference; lastKnownFileType = image.png; path = com.apple.TVWatchList.png; sourceTree = "<group>"; };
		B9C3649637E9DD7C78B1BCF4 /* CompanionConnection.swift */ = {isa = PBXFileReference; lastKnownFileType = sourcecode.swift; path = CompanionConnection.swift; sourceTree = "<group>"; };
		BCA0DD35CBD3CDCDB6F14579 /* IPCServer.swift */ = {isa = PBXFileReference; lastKnownFileType = sourcecode.swift; path = IPCServer.swift; sourceTree = "<group>"; };
		C3D2FE0AE2A2FD628BD91D5F /* MenuBarController.swift */ = {isa = PBXFileReference; lastKnownFileType = sourcecode.swift; path = MenuBarController.swift; sourceTree = "<group>"; };
		C4CF92C46D27334F3D0BAA38 /* AppIconCache.swift */ = {isa = PBXFileReference; lastKnownFileType = sourcecode.swift; path = AppIconCache.swift; sourceTree = "<group>"; };
		D0E8203E3B4C142F8AD22801 /* com.apple.Arcade.png */ = {isa = PBXFileReference; lastKnownFileType = image.png; path = com.apple.Arcade.png; sourceTree = "<group>"; };
		F38854F34AB5ACA05B0C554A /* com.apple.podcasts.png */ = {isa = PBXFileReference; lastKnownFileType = image.png; path = com.apple.podcasts.png; sourceTree = "<group>"; };
		F5D1CAEE41DD90CA9209B799 /* AppLauncherView.swift */ = {isa = PBXFileReference; lastKnownFileType = sourcecode.swift; path = AppLauncherView.swift; sourceTree = "<group>"; };
		F89E0E7EC81D5422A1A7543E /* com.apple.TVSettings.png */ = {isa = PBXFileReference; lastKnownFileType = image.png; path = com.apple.TVSettings.png; sourceTree = "<group>"; };
		FBBA9DF8C26186E76ACA7BAA /* com.apple.appleevents.png */ = {isa = PBXFileReference; lastKnownFileType = image.png; path = com.apple.appleevents.png; sourceTree = "<group>"; };
		FD585A928C520506C488367E /* WindowManagement.swift */ = {isa = PBXFileReference; lastKnownFileType = sourcecode.swift; path = WindowManagement.swift; sourceTree = "<group>"; };
		FF54A19A1D55A1C8AFF6B0E0 /* com.apple.TVPhotos.png */ = {isa = PBXFileReference; lastKnownFileType = image.png; path = com.apple.TVPhotos.png; sourceTree = "<group>"; };
/* End PBXFileReference section */

/* Begin PBXFrameworksBuildPhase section */
		63C0C33E79E590A82759F84B /* Frameworks */ = {
			isa = PBXFrameworksBuildPhase;
			buildActionMask = 2147483647;
			files = (
				E40A8AECD791492B2FA7D170 /* BigInt in Frameworks */,
			);
			runOnlyForDeploymentPostprocessing = 0;
		};
/* End PBXFrameworksBuildPhase section */

/* Begin PBXGroup section */
		286BC268DC90EE1E8CBF8CDD = {
			isa = PBXGroup;
			children = (
				9245C4BCF9150250890DFE3B /* AppleTVRemote */,
				611AF5DDA02954B9B4EC83C2 /* Products */,
			);
			sourceTree = "<group>";
		};
		611AF5DDA02954B9B4EC83C2 /* Products */ = {
			isa = PBXGroup;
			children = (
				0E56EF24F7B53CA48FCF66D5 /* AppleTVRemote.app */,
			);
			name = Products;
			sourceTree = "<group>";
		};
		9245C4BCF9150250890DFE3B /* AppleTVRemote */ = {
			isa = PBXGroup;
			children = (
				C4CF92C46D27334F3D0BAA38 /* AppIconCache.swift */,
				F5D1CAEE41DD90CA9209B799 /* AppLauncherView.swift */,
				52B7FC32DA2B5E6F9269EC4E /* AppleTVRemoteApp.swift */,
				88FDAC9977ABD2F8B8FDF625 /* AutoReconnector.swift */,
				B9C3649637E9DD7C78B1BCF4 /* CompanionConnection.swift */,
				697023DBDB64775282D57CE8 /* ContentView.swift */,
				96AA527B2B5D01D7A13520C2 /* DeviceDiscovery.swift */,
				7AD795F451DD61537F44810E /* DeviceListView.swift */,
				BCA0DD35CBD3CDCDB6F14579 /* IPCServer.swift */,
				61ADF12098BC06BFD995A46B /* KeyboardNotificationManager.swift */,
				C3D2FE0AE2A2FD628BD91D5F /* MenuBarController.swift */,
				033146CEB0BCDAC531A241C7 /* PopoverActivationGuard.swift */,
				5F7DC03D0A656F41898865DC /* RemoteControlView.swift */,
				97C3EDA394F0072CCD1E8192 /* VisualEffectBackground.swift */,
				FD585A928C520506C488367E /* WindowManagement.swift */,
				CD205FC70F8D3B2C9A5BE18D /* Resources */,
			);
			name = AppleTVRemote;
			path = Sources/AppleTVRemote;
			sourceTree = "<group>";
		};
		B822A0C7A4B7A3659A593F2C /* AppIcons */ = {
			isa = PBXGroup;
			children = (
				FBBA9DF8C26186E76ACA7BAA /* com.apple.appleevents.png */,
				D0E8203E3B4C142F8AD22801 /* com.apple.Arcade.png */,
				4B92F62C9329CB6892800D7E /* com.apple.Fitness.png */,
				F38854F34AB5ACA05B0C554A /* com.apple.podcasts.png */,
				4BE6E796DC1476ECFEDDB679 /* com.apple.TVAppStore.png */,
				11F60F8E872A83159EB516E1 /* com.apple.TVHomeSharing.png */,
				1E3E61B61D4693E20F6B5AE4 /* com.apple.TVMusic.png */,
				FF54A19A1D55A1C8AFF6B0E0 /* com.apple.TVPhotos.png */,
				00EBF2797718AA1292053D92 /* com.apple.TVSearch.png */,
				F89E0E7EC81D5422A1A7543E /* com.apple.TVSettings.png */,
				A0E0F0118964ADA532DC338B /* com.apple.TVWatchList.png */,
			);
			path = AppIcons;
			sourceTree = "<group>";
		};
		CD205FC70F8D3B2C9A5BE18D /* Resources */ = {
			isa = PBXGroup;
			children = (
				200E928EC93A584B2CAB3C30 /* Assets.xcassets */,
				B822A0C7A4B7A3659A593F2C /* AppIcons */,
			);
			path = Resources;
			sourceTree = "<group>";
		};
/* End PBXGroup section */

/* Begin PBXNativeTarget section */
		44256C9FEC6F679DFA0248BE /* AppleTVRemote */ = {
			isa = PBXNativeTarget;
			buildConfigurationList = 2B15CD3893D08A14560224CA /* Build configuration list for PBXNativeTarget "AppleTVRemote" */;
			buildPhases = (
				BD0B9291D6C571AD45C045BE /* Sources */,
				E1DC962CA7F8B40FC6BD0013 /* Resources */,
				63C0C33E79E590A82759F84B /* Frameworks */,
			);
			buildRules = (
			);
			dependencies = (
			);
			name = AppleTVRemote;
			packageProductDependencies = (
				2457F9A5729060F9AAFE6D5D /* BigInt */,
			);
			productName = AppleTVRemote;
			productReference = 0E56EF24F7B53CA48FCF66D5 /* AppleTVRemote.app */;
			productType = "com.apple.product-type.application";
		};
/* End PBXNativeTarget section */

/* Begin PBXProject section */
		D614741D70A147CC60644E00 /* Project object */ = {
			isa = PBXProject;
			attributes = {
				BuildIndependentTargetsInParallel = YES;
				LastUpgradeCheck = 1600;
				TargetAttributes = {
					44256C9FEC6F679DFA0248BE = {
						ProvisioningStyle = Automatic;
					};
				};
			};
			buildConfigurationList = 1219AB2E7AB487E6A81C936A /* Build configuration list for PBXProject "AppleTVRemote" */;
			developmentRegion = en;
			hasScannedForEncodings = 0;
			knownRegions = (
				Base,
				en,
			);
			mainGroup = 286BC268DC90EE1E8CBF8CDD;
			minimizedProjectReferenceProxies = 1;
			packageReferences = (
				D2D73BB85FFD6953C34CC0A7 /* XCRemoteSwiftPackageReference "BigInt" */,
			);
			preferredProjectObjectVersion = 77;
			productRefGroup = 611AF5DDA02954B9B4EC83C2 /* Products */;
			projectDirPath = "";
			projectRoot = "";
			targets = (
				44256C9FEC6F679DFA0248BE /* AppleTVRemote */,
			);
		};
/* End PBXProject section */

/* Begin PBXResourcesBuildPhase section */
		E1DC962CA7F8B40FC6BD0013 /* Resources */ = {
			isa = PBXResourcesBuildPhase;
			buildActionMask = 2147483647;
			files = (
				B7EB06AE04C7299D2414ADF5 /* Assets.xcassets in Resources */,
				65FCE5D6F30673B73BC36D03 /* com.apple.Arcade.png in Resources */,
				DEEE7E3CFB267860762C4B8C /* com.apple.Fitness.png in Resources */,
				23100FE0C8E4D9A738A67482 /* com.apple.TVAppStore.png in Resources */,
				A6985739CD3DC1BB961CFB5D /* com.apple.TVHomeSharing.png in Resources */,
				E597CC2AD765750D19E461A0 /* com.apple.TVMusic.png in Resources */,
				0AE5E319BFC0328781486447 /* com.apple.TVPhotos.png in Resources */,
				C332AD54A00B33A6898A8E62 /* com.apple.TVSearch.png in Resources */,
				D023A3D14C37D45FCA115430 /* com.apple.TVSettings.png in Resources */,
				FA0C99C4FD486106DE4D6928 /* com.apple.TVWatchList.png in Resources */,
				018B7307EA5644C6CE60A13D /* com.apple.appleevents.png in Resources */,
				230417237D24357F38B801F3 /* com.apple.podcasts.png in Resources */,
			);
			runOnlyForDeploymentPostprocessing = 0;
		};
/* End PBXResourcesBuildPhase section */

/* Begin PBXSourcesBuildPhase section */
		BD0B9291D6C571AD45C045BE /* Sources */ = {
			isa = PBXSourcesBuildPhase;
			buildActionMask = 2147483647;
			files = (
				628BD988A0021E61ECFF81A1 /* AppIconCache.swift in Sources */,
				5E0D08070871AC7127302360 /* AppLauncherView.swift in Sources */,
				7190FBAB75D95648266F850D /* AppleTVRemoteApp.swift in Sources */,
				790575010B800CDCE832E7EB /* AutoReconnector.swift in Sources */,
				ED1C682ABF7878731C94E701 /* CompanionConnection.swift in Sources */,
				439C1977607157CCFF28BBD7 /* ContentView.swift in Sources */,
				512A7F66BD725F6F7DC27AD4 /* DeviceDiscovery.swift in Sources */,
				1FE6E013046C9DB4B787E784 /* DeviceListView.swift in Sources */,
				8B74776E3A1745B16BE85A76 /* IPCServer.swift in Sources */,
				7A966A8C9432E530D01D9257 /* KeyboardNotificationManager.swift in Sources */,
				135F30E2248E1750F7312F68 /* MenuBarController.swift in Sources */,
				0EE55D6C7CA30F0A57057B73 /* PopoverActivationGuard.swift in Sources */,
				BAA90A232D6F4A731B1D4292 /* RemoteControlView.swift in Sources */,
				D65EA98EFEEC4F755ECF2B45 /* VisualEffectBackground.swift in Sources */,
				DE44080DE17724231BAD91B3 /* WindowManagement.swift in Sources */,
			);
			runOnlyForDeploymentPostprocessing = 0;
		};
/* End PBXSourcesBuildPhase section */

/* Begin XCBuildConfiguration section */
		196817C21DC20C01A14444AE /* Release */ = {
			isa = XCBuildConfiguration;
			buildSettings = {
				ASSETCATALOG_COMPILER_APPICON_NAME = AppIcon;
				CODE_SIGN_ENTITLEMENTS = AppleTVRemote.entitlements;
				CODE_SIGN_STYLE = Automatic;
				COMBINE_HIDPI_IMAGES = YES;
				ENABLE_HARDENED_RUNTIME = YES;
				INFOPLIST_FILE = Sources/AppleTVRemote/Resources/Info.plist;
				LD_RUNPATH_SEARCH_PATHS = (
					"$(inherited)",
					"@executable_path/../Frameworks",
				);
				MACOSX_DEPLOYMENT_TARGET = 13.0;
				PRODUCT_BUNDLE_IDENTIFIER = "com.adhir.appletv-remote";
				SDKROOT = macosx;
				SWIFT_STRICT_CONCURRENCY = minimal;
				SWIFT_VERSION = 6.0;
			};
			name = Release;
		};
		35339CF2CC8B042E5C1DEF68 /* Debug */ = {
			isa = XCBuildConfiguration;
			buildSettings = {
				ASSETCATALOG_COMPILER_APPICON_NAME = AppIcon;
				CODE_SIGN_ENTITLEMENTS = AppleTVRemote.entitlements;
				CODE_SIGN_STYLE = Automatic;
				COMBINE_HIDPI_IMAGES = YES;
				ENABLE_HARDENED_RUNTIME = YES;
				INFOPLIST_FILE = Sources/AppleTVRemote/Resources/Info.plist;
				LD_RUNPATH_SEARCH_PATHS = (
					"$(inherited)",
					"@executable_path/../Frameworks",
				);
				MACOSX_DEPLOYMENT_TARGET = 13.0;
				PRODUCT_BUNDLE_IDENTIFIER = "com.adhir.appletv-remote";
				SDKROOT = macosx;
				SWIFT_STRICT_CONCURRENCY = minimal;
				SWIFT_VERSION = 6.0;
			};
			name = Debug;
		};
		4F5E2F8486DAC3BDF3EDDC66 /* Debug */ = {
			isa = XCBuildConfiguration;
			buildSettings = {
				ALWAYS_SEARCH_USER_PATHS = NO;
				CLANG_ANALYZER_NONNULL = YES;
				CLANG_ANALYZER_NUMBER_OBJECT_CONVERSION = YES_AGGRESSIVE;
				CLANG_CXX_LANGUAGE_STANDARD = "gnu++14";
				CLANG_CXX_LIBRARY = "libc++";
				CLANG_ENABLE_MODULES = YES;
				CLANG_ENABLE_OBJC_ARC = YES;
				CLANG_ENABLE_OBJC_WEAK = YES;
				CLANG_WARN_BLOCK_CAPTURE_AUTORELEASING = YES;
				CLANG_WARN_BOOL_CONVERSION = YES;
				CLANG_WARN_COMMA = YES;
				CLANG_WARN_CONSTANT_CONVERSION = YES;
				CLANG_WARN_DEPRECATED_OBJC_IMPLEMENTATIONS = YES;
				CLANG_WARN_DIRECT_OBJC_ISA_USAGE = YES_ERROR;
				CLANG_WARN_DOCUMENTATION_COMMENTS = YES;
				CLANG_WARN_EMPTY_BODY = YES;
				CLANG_WARN_ENUM_CONVERSION = YES;
				CLANG_WARN_INFINITE_RECURSION = YES;
				CLANG_WARN_INT_CONVERSION = YES;
				CLANG_WARN_NON_LITERAL_NULL_CONVERSION = YES;
				CLANG_WARN_OBJC_IMPLICIT_RETAIN_SELF = YES;
				CLANG_WARN_OBJC_LITERAL_CONVERSION = YES;
				CLANG_WARN_OBJC_ROOT_CLASS = YES_ERROR;
				CLANG_WARN_QUOTED_INCLUDE_IN_FRAMEWORK_HEADER = YES;
				CLANG_WARN_RANGE_LOOP_ANALYSIS = YES;
				CLANG_WARN_STRICT_PROTOTYPES = YES;
				CLANG_WARN_SUSPICIOUS_MOVE = YES;
				CLANG_WARN_UNGUARDED_AVAILABILITY = YES_AGGRESSIVE;
				CLANG_WARN_UNREACHABLE_CODE = YES;
				CLANG_WARN__DUPLICATE_METHOD_MATCH = YES;
				COPY_PHASE_STRIP = NO;
				DEBUG_INFORMATION_FORMAT = dwarf;
				ENABLE_STRICT_OBJC_MSGSEND = YES;
				ENABLE_TESTABILITY = YES;
				GCC_C_LANGUAGE_STANDARD = gnu11;
				GCC_DYNAMIC_NO_PIC = NO;
				GCC_NO_COMMON_BLOCKS = YES;
				GCC_OPTIMIZATION_LEVEL = 0;
				GCC_PREPROCESSOR_DEFINITIONS = (
					"$(inherited)",
					"DEBUG=1",
				);
				GCC_WARN_64_TO_32_BIT_CONVERSION = YES;
				GCC_WARN_ABOUT_RETURN_TYPE = YES_ERROR;
				GCC_WARN_UNDECLARED_SELECTOR = YES;
				GCC_WARN_UNINITIALIZED_AUTOS = YES_AGGRESSIVE;
				GCC_WARN_UNUSED_FUNCTION = YES;
				GCC_WARN_UNUSED_VARIABLE = YES;
				MACOSX_DEPLOYMENT_TARGET = 13.0;
				MTL_ENABLE_DEBUG_INFO = INCLUDE_SOURCE;
				MTL_FAST_MATH = YES;
				ONLY_ACTIVE_ARCH = YES;
				PRODUCT_NAME = "$(TARGET_NAME)";
				SDKROOT = macosx;
				SWIFT_ACTIVE_COMPILATION_CONDITIONS = DEBUG;
				SWIFT_OPTIMIZATION_LEVEL = "-Onone";
				SWIFT_VERSION = 5.0;
			};
			name = Debug;
		};
		7724D01CEF91AFECA3BF88D9 /* Release */ = {
			isa = XCBuildConfiguration;
			buildSettings = {
				ALWAYS_SEARCH_USER_PATHS = NO;
				CLANG_ANALYZER_NONNULL = YES;
				CLANG_ANALYZER_NUMBER_OBJECT_CONVERSION = YES_AGGRESSIVE;
				CLANG_CXX_LANGUAGE_STANDARD = "gnu++14";
				CLANG_CXX_LIBRARY = "libc++";
				CLANG_ENABLE_MODULES = YES;
				CLANG_ENABLE_OBJC_ARC = YES;
				CLANG_ENABLE_OBJC_WEAK = YES;
				CLANG_WARN_BLOCK_CAPTURE_AUTORELEASING = YES;
				CLANG_WARN_BOOL_CONVERSION = YES;
				CLANG_WARN_COMMA = YES;
				CLANG_WARN_CONSTANT_CONVERSION = YES;
				CLANG_WARN_DEPRECATED_OBJC_IMPLEMENTATIONS = YES;
				CLANG_WARN_DIRECT_OBJC_ISA_USAGE = YES_ERROR;
				CLANG_WARN_DOCUMENTATION_COMMENTS = YES;
				CLANG_WARN_EMPTY_BODY = YES;
				CLANG_WARN_ENUM_CONVERSION = YES;
				CLANG_WARN_INFINITE_RECURSION = YES;
				CLANG_WARN_INT_CONVERSION = YES;
				CLANG_WARN_NON_LITERAL_NULL_CONVERSION = YES;
				CLANG_WARN_OBJC_IMPLICIT_RETAIN_SELF = YES;
				CLANG_WARN_OBJC_LITERAL_CONVERSION = YES;
				CLANG_WARN_OBJC_ROOT_CLASS = YES_ERROR;
				CLANG_WARN_QUOTED_INCLUDE_IN_FRAMEWORK_HEADER = YES;
				CLANG_WARN_RANGE_LOOP_ANALYSIS = YES;
				CLANG_WARN_STRICT_PROTOTYPES = YES;
				CLANG_WARN_SUSPICIOUS_MOVE = YES;
				CLANG_WARN_UNGUARDED_AVAILABILITY = YES_AGGRESSIVE;
				CLANG_WARN_UNREACHABLE_CODE = YES;
				CLANG_WARN__DUPLICATE_METHOD_MATCH = YES;
				COPY_PHASE_STRIP = NO;
				DEBUG_INFORMATION_FORMAT = "dwarf-with-dsym";
				ENABLE_NS_ASSERTIONS = NO;
				ENABLE_STRICT_OBJC_MSGSEND = YES;
				GCC_C_LANGUAGE_STANDARD = gnu11;
				GCC_NO_COMMON_BLOCKS = YES;
				GCC_WARN_64_TO_32_BIT_CONVERSION = YES;
				GCC_WARN_ABOUT_RETURN_TYPE = YES_ERROR;
				GCC_WARN_UNDECLARED_SELECTOR = YES;
				GCC_WARN_UNINITIALIZED_AUTOS = YES_AGGRESSIVE;
				GCC_WARN_UNUSED_FUNCTION = YES;
				GCC_WARN_UNUSED_VARIABLE = YES;
				MACOSX_DEPLOYMENT_TARGET = 13.0;
				MTL_ENABLE_DEBUG_INFO = NO;
				MTL_FAST_MATH = YES;
				PRODUCT_NAME = "$(TARGET_NAME)";
				SDKROOT = macosx;
				SWIFT_COMPILATION_MODE = wholemodule;
				SWIFT_OPTIMIZATION_LEVEL = "-O";
				SWIFT_VERSION = 5.0;
			};
			name = Release;
		};
/* End XCBuildConfiguration section */

/* Begin XCConfigurationList section */
		1219AB2E7AB487E6A81C936A /* Build configuration list for PBXProject "AppleTVRemote" */ = {
			isa = XCConfigurationList;
			buildConfigurations = (
				4F5E2F8486DAC3BDF3EDDC66 /* Debug */,
				7724D01CEF91AFECA3BF88D9 /* Release */,
			);
			defaultConfigurationIsVisible = 0;
			defaultConfigurationName = Debug;
		};
		2B15CD3893D08A14560224CA /* Build configuration list for PBXNativeTarget "AppleTVRemote" */ = {
			isa = XCConfigurationList;
			buildConfigurations = (
				35339CF2CC8B042E5C1DEF68 /* Debug */,
				196817C21DC20C01A14444AE /* Release */,
			);
			defaultConfigurationIsVisible = 0;
			defaultConfigurationName = Debug;
		};
/* End XCConfigurationList section */

/* Begin XCRemoteSwiftPackageReference section */
		D2D73BB85FFD6953C34CC0A7 /* XCRemoteSwiftPackageReference "BigInt" */ = {
			isa = XCRemoteSwiftPackageReference;
			repositoryURL = "https://github.com/attaswift/BigInt";
			requirement = {
				kind = upToNextMajorVersion;
				minimumVersion = 5.3.0;
			};
		};
/* End XCRemoteSwiftPackageReference section */

/* Begin XCSwiftPackageProductDependency section */
		2457F9A5729060F9AAFE6D5D /* BigInt */ = {
			isa = XCSwiftPackageProductDependency;
			package = D2D73BB85FFD6953C34CC0A7 /* XCRemoteSwiftPackageReference "BigInt" */;
			productName = BigInt;
		};
/* End XCSwiftPackageProductDependency section */
	};
	rootObject = D614741D70A147CC60644E00 /* Project object */;
}
